
Microsoft Visual Studio Solution File, Format Version 12.00
# Visual Studio Version 17
VisualStudioVersion = 17.7.34031.279
MinimumVisualStudioVersion = 10.0.40219.1
Project("{FAE04EC0-301F-11D3-BF4B-00C04F79EFBC}") = "VisitorDesignPattern", "VisitorDesignPattern\VisitorDesignPattern.csproj", "{FE2BC6F1-0FB6-4C7A-833C-E029219F8767}"
EndProject
Global
	GlobalSection(SolutionConfigurationPlatforms) = preSolution
		Debug|Any CPU = Debug|Any CPU
		Release|Any CPU = Release|Any CPU
	EndGlobalSection
	GlobalSection(ProjectConfigurationPlatforms) = postSolution
		{FE2BC6F1-0FB6-4C7A-833C-E029219F8767}.Debug|Any CPU.ActiveCfg = Debug|Any CPU
		{FE2BC6F1-0FB6-4C7A-833C-E029219F8767}.Debug|Any CPU.Build.0 = Debug|Any CPU
		{FE2BC6F1-0FB6-4C7A-833C-E029219F8767}.Release|Any CPU.ActiveCfg = Release|Any CPU
		{FE2BC6F1-0FB6-4C7A-833C-E029219F8767}.Release|Any CPU.Build.0 = Release|Any CPU
	EndGlobalSection
	GlobalSection(SolutionProperties) = preSolution
		HideSolutionNode = FALSE
	EndGlobalSection
	GlobalSection(ExtensibilityGlobals) = postSolution
		SolutionGuid = {E42DB5AA-D79E-4361-AB91-349111F5B110}
	EndGlobalSection
EndGlobal
